{
  "R": {
    "Version": "4.2.3",
    "Repositories": [
      {
        "Name": "CRAN",
        "URL": "https://cloud.r-project.org"
      }
    ]
  },
  "Packages": {
    "BH": {
      "Package": "BH",
      "Version": "1.72.0-3",
      "Source": "Repository",
      "Repository": "CRAN",
      "Hash": "8f9ce74c6417d61f0782cbae5fd2b7b0",
      "Requirements": []
    },
    "DT": {
      "Package": "DT",
      "Version": "0.18",
      "Source": "Repository",
      "Repository": "CRAN",
      "Hash": "a7d6660c869d4f41f856504828af4645",
      "Requirements": [
        "crosstalk",
        "htmltools",
        "htmlwidgets",
        "jsonlite",
        "magrittr",
        "promises"
      ]
    },
    "MASS": {
      "Package": "MASS",
      "Version": "7.3-60.0.1",
      "Source": "Repository",
      "Repository": "CRAN",
      "Hash": "b765b28387acc8ec9e9c1530713cb19c",
      "Requirements": []
    },
    "MMWRweek": {
      "Package": "MMWRweek",
      "Version": "0.1.3",
      "Source": "Repository",
      "Repository": "CRAN",
      "Hash": "4329e57e2536e12afe479e8571416dbc",
      "Requirements": []
    },
    "Matrix": {
      "Package": "Matrix",
      "Version": "1.5-3",
      "Source": "Repository",
      "Repository": "CRAN",
      "Hash": "4006dffe49958d2dd591c17e61e60591",
      "Requirements": [
        "lattice"
      ]
    },
    "R6": {
      "Package": "R6",
      "Version": "2.4.1",
      "Source": "Repository",
      "Repository": "CRAN",
      "Hash": "292b54f8f4b94669b08f94e5acce6be2",
      "Requirements": []
    },
    "RColorBrewer": {
      "Package": "RColorBrewer",
      "Version": "1.1-2",
      "Source": "Repository",
      "Repository": "CRAN",
      "Hash": "e031418365a7f7a766181ab5a41a5716",
      "Requirements": []
    },
    "Rcpp": {
      "Package": "Rcpp",
      "Version": "1.0.10",
      "Source": "Repository",
      "Repository": "CRAN",
      "Hash": "e749cae40fa9ef469b6050959517453c",
      "Requirements": []
    },
    "RcppEigen": {
      "Package": "RcppEigen",
      "Version": "0.3.3.9.3",
      "Source": "Repository",
      "Repository": "CRAN",
      "Hash": "1e035db628cefb315c571202d70202fe",
      "Requirements": [
        "Matrix",
        "Rcpp"
      ]
    },
    "abind": {
      "Package": "abind",
      "Version": "1.4-5",
      "Source": "Repository",
      "Repository": "CRAN",
      "Hash": "4f57884290cc75ab22f4af9e9d4ca862",
      "Requirements": []
    },
    "anytime": {
      "Package": "anytime",
      "Version": "0.3.9",
      "Source": "Repository",
      "Repository": "CRAN",
      "Hash": "74a64813f17b492da9c6afda6b128e3d",
      "Requirements": [
        "BH",
        "Rcpp"
      ]
    },
    "arm": {
      "Package": "arm",
      "Version": "1.13-1",
      "Source": "Repository",
      "Repository": "CRAN",
      "Hash": "ecd1fd4d4ea49df1b62fb706c37785ac",
      "Requirements": [
        "MASS",
        "Matrix",
        "abind",
        "coda",
        "lme4",
        "nlme"
      ]
    },
    "askpass": {
      "Package": "askpass",
      "Version": "1.1",
      "Source": "Repository",
      "Repository": "CRAN",
      "Hash": "e8a22846fff485f0be3770c2da758713",
      "Requirements": [
        "sys"
      ]
    },
    "backports": {
      "Package": "backports",
      "Version": "1.4.1",
      "Source": "Repository",
      "Repository": "CRAN",
      "Hash": "c39fbec8a30d23e721980b8afb31984c",
      "Requirements": []
    },
    "base64enc": {
      "Package": "base64enc",
      "Version": "0.1-3",
      "Source": "Repository",
      "Repository": "CRAN",
      "Hash": "543776ae6848fde2f48ff3816d0628bc",
      "Requirements": []
    },
    "bit": {
      "Package": "bit",
      "Version": "4.0.5",
      "Source": "Repository",
      "Repository": "CRAN",
      "Hash": "d242abec29412ce988848d0294b208fd",
      "Requirements": []
    },
    "bit64": {
      "Package": "bit64",
      "Version": "4.0.5",
      "Source": "Repository",
      "Repository": "CRAN",
      "Hash": "9fe98599ca456d6552421db0d6772d8f",
      "Requirements": [
        "bit"
      ]
    },
    "boot": {
      "Package": "boot",
      "Version": "1.3-25",
      "Source": "Repository",
      "Repository": "CRAN",
      "Hash": "bd51734a754b6c2baf28b2d1ebc11e91",
      "Requirements": []
    },
    "brio": {
      "Package": "brio",
      "Version": "1.1.3",
      "Source": "Repository",
      "Repository": "CRAN",
      "Hash": "976cf154dfb043c012d87cddd8bca363",
      "Requirements": []
    },
    "bslib": {
      "Package": "bslib",
      "Version": "0.5.1",
      "Source": "Repository",
      "Repository": "CRAN",
      "Hash": "283015ddfbb9d7bf15ea9f0b5698f0d9",
      "Requirements": [
        "base64enc",
        "cachem",
        "htmltools",
        "jquerylib",
        "jsonlite",
        "memoise",
        "mime",
        "rlang",
        "sass"
      ]
    },
    "cachem": {
      "Package": "cachem",
      "Version": "1.0.4",
      "Source": "Repository",
      "Repository": "CRAN",
      "Hash": "2703a46dcabfb902f10060b2bca9f708",
      "Requirements": [
        "fastmap",
        "rlang"
      ]
    },
    "callr": {
      "Package": "callr",
      "Version": "3.7.3",
      "Source": "Repository",
      "Repository": "CRAN",
      "Hash": "9b2191ede20fa29828139b9900922e51",
      "Requirements": [
        "R6",
        "processx"
      ]
    },
    "checkmate": {
      "Package": "checkmate",
      "Version": "2.3.1",
      "Source": "Repository",
      "Repository": "CRAN",
      "Hash": "c01cab1cb0f9125211a6fc99d540e315",
      "Requirements": [
        "backports"
      ]
    },
    "ciTools": {
      "Package": "ciTools",
      "Version": "0.6.1",
      "Source": "Repository",
      "Repository": "CRAN",
      "Hash": "b4acc5f619ee2f36d6611a0a3ad5c40e",
      "Requirements": [
        "MASS",
        "arm",
        "boot",
        "dplyr",
        "lme4",
        "survival"
      ]
    },
    "cli": {
      "Package": "cli",
      "Version": "3.6.0",
      "Source": "Repository",
      "Repository": "CRAN",
      "Hash": "3177a5a16c243adc199ba33117bd9657",
      "Requirements": []
    },
    "clipr": {
      "Package": "clipr",
      "Version": "0.7.0",
      "Source": "Repository",
      "Repository": "CRAN",
      "Hash": "08cf4045c149a0f0eaf405324c7495bd",
      "Requirements": []
    },
    "coda": {
      "Package": "coda",
      "Version": "0.19-4",
      "Source": "Repository",
      "Repository": "CRAN",
      "Hash": "24b6d006b8b2343876cf230687546932",
      "Requirements": [
        "lattice"
      ]
    },
    "codetools": {
      "Package": "codetools",
      "Version": "0.2-16",
      "Source": "Repository",
      "Repository": "CRAN",
      "Hash": "89cf4b8207269ccf82fbeb6473fd662b",
      "Requirements": []
    },
    "colorspace": {
      "Package": "colorspace",
      "Version": "1.4-1",
      "Source": "Repository",
      "Repository": "CRAN",
      "Hash": "6b436e95723d1f0e861224dd9b094dfb",
      "Requirements": []
    },
    "commonmark": {
      "Package": "commonmark",
      "Version": "1.9.0",
      "Source": "Repository",
      "Repository": "CRAN",
      "Hash": "d691c61bff84bd63c383874d2d0c3307",
      "Requirements": []
    },
    "cpp11": {
      "Package": "cpp11",
      "Version": "0.4.2",
      "Source": "Repository",
      "Repository": "CRAN",
      "Hash": "fa53ce256cd280f468c080a58ea5ba8c",
      "Requirements": []
    },
    "crayon": {
      "Package": "crayon",
      "Version": "1.3.4",
      "Source": "Repository",
      "Repository": "CRAN",
      "Hash": "0d57bc8e27b7ba9e45dba825ebc0de6b",
      "Requirements": []
    },
    "crosstalk": {
      "Package": "crosstalk",
      "Version": "1.1.1",
      "Source": "Repository",
      "Repository": "CRAN",
      "Hash": "2b06f9e415a62b6762e4b8098d2aecbc",
      "Requirements": [
        "R6",
        "htmltools",
        "jsonlite",
        "lazyeval"
      ]
    },
    "curl": {
      "Package": "curl",
      "Version": "4.3",
      "Source": "Repository",
      "Repository": "CRAN",
      "Hash": "2b7d10581cc730804e9ed178c8374bd6",
      "Requirements": []
    },
    "data.table": {
      "Package": "data.table",
      "Version": "1.14.0",
      "Source": "Repository",
      "Repository": "CRAN",
      "Hash": "d1b8b1a821ee564a3515fa6c6d5c52dc",
      "Requirements": []
    },
    "desc": {
      "Package": "desc",
      "Version": "1.3.0",
      "Source": "Repository",
      "Repository": "CRAN",
      "Hash": "b6963166f7f10b970af1006c462ce6cd",
      "Requirements": [
        "R6",
        "crayon",
        "rprojroot"
      ]
    },
    "diffobj": {
      "Package": "diffobj",
      "Version": "0.3.4",
      "Source": "Repository",
      "Repository": "CRAN",
      "Hash": "feb5b7455eba422a2c110bb89852e6a3",
      "Requirements": [
        "crayon"
      ]
    },
    "digest": {
      "Package": "digest",
      "Version": "0.6.25",
      "Source": "Repository",
      "Repository": "CRAN",
      "Hash": "f697db7d92b7028c4b3436e9603fb636",
      "Requirements": []
    },
    "distfromq": {
      "Package": "distfromq",
      "Version": "0.1.2",
      "Source": "GitHub",
      "RemoteType": "github",
      "RemoteHost": "api.github.com",
      "RemoteRepo": "distfromq",
      "RemoteUsername": "reichlab",
      "RemoteRef": "HEAD",
      "RemoteSha": "f2aaee4f688bb01ac66c82a846185750b77ef89a",
      "Hash": "7e1559dad412fc0f19002cd8dbc17e98",
      "Requirements": []
    },
    "distributional": {
      "Package": "distributional",
      "Version": "0.3.2",
      "Source": "Repository",
      "Repository": "CRAN",
      "Hash": "0a94c3c917918a1c90f4609171ff41b6",
      "Requirements": [
        "digest",
        "farver",
        "generics",
        "ggplot2",
        "lifecycle",
        "numDeriv",
        "rlang",
        "scales",
        "vctrs"
      ]
    },
    "dplyr": {
      "Package": "dplyr",
      "Version": "1.1.2",
      "Source": "Repository",
      "Repository": "CRAN",
      "Hash": "dea6970ff715ca541c387de363ff405e",
      "Requirements": [
        "R6",
        "cli",
        "generics",
        "glue",
        "lifecycle",
        "magrittr",
        "pillar",
        "rlang",
        "tibble",
        "tidyselect",
        "vctrs"
      ]
    },
    "dtw": {
      "Package": "dtw",
      "Version": "1.23-1",
      "Source": "Repository",
      "Repository": "CRAN",
      "Hash": "e32e0a155efd693d843b96e84af5c876",
      "Requirements": [
        "proxy"
      ]
    },
    "ecp": {
      "Package": "ecp",
      "Version": "3.1.5",
      "Source": "Repository",
      "Repository": "CRAN",
      "Hash": "88c264998df8c31ff0ce02833459be68",
      "Requirements": [
        "Rcpp"
      ]
    },
    "ellipsis": {
      "Package": "ellipsis",
      "Version": "0.3.2",
      "Source": "Repository",
      "Repository": "CRAN",
      "Hash": "bb0eec2fe32e88d9e2836c2f73ea2077",
      "Requirements": [
        "rlang"
      ]
    },
    "evaluate": {
      "Package": "evaluate",
      "Version": "0.15",
      "Source": "Repository",
      "Repository": "CRAN",
      "Hash": "699a7a93d08c962d9f8950b2d7a227f1",
      "Requirements": []
    },
    "fable": {
      "Package": "fable",
      "Version": "0.3.3",
      "Source": "Repository",
      "Repository": "CRAN",
      "Hash": "63a6c529070640737804d2f0a0d9ffbc",
      "Requirements": [
        "Rcpp",
        "distributional",
        "dplyr",
        "fabletools",
        "rlang",
        "tibble",
        "tidyr",
        "tsibble"
      ]
    },
    "fabletools": {
      "Package": "fabletools",
      "Version": "0.3.3",
      "Source": "Repository",
      "Repository": "CRAN",
      "Hash": "192130a87f00fecf175f752ec72c1db7",
      "Requirements": [
        "R6",
        "distributional",
        "dplyr",
        "generics",
        "ggplot2",
        "lifecycle",
        "progressr",
        "rlang",
        "tibble",
        "tidyr",
        "tidyselect",
        "tsibble",
        "vctrs"
      ]
    },
    "fansi": {
      "Package": "fansi",
      "Version": "0.4.1",
      "Source": "Repository",
      "Repository": "CRAN",
      "Hash": "7fce217eaaf8016e72065e85c73027b5",
      "Requirements": []
    },
    "farver": {
      "Package": "farver",
      "Version": "2.0.3",
      "Source": "Repository",
      "Repository": "CRAN",
      "Hash": "dad6793a5a1f73c8e91f1a1e3e834b05",
      "Requirements": []
    },
    "fastmap": {
      "Package": "fastmap",
      "Version": "1.1.0",
      "Source": "Repository",
      "Repository": "CRAN",
      "Hash": "77bd60a6157420d4ffa93b27cf6a58b8",
      "Requirements": []
    },
    "feasts": {
      "Package": "feasts",
      "Version": "0.2.1",
      "Source": "Repository",
      "Repository": "CRAN",
      "Hash": "75cfa8b67e6a7e51202272c88dde53b4",
      "Requirements": [
        "dplyr",
        "fabletools",
        "ggplot2",
        "lifecycle",
        "lubridate",
        "rlang",
        "scales",
        "slider",
        "tibble",
        "tidyr",
        "tsibble",
        "vctrs"
      ]
    },
    "fontawesome": {
      "Package": "fontawesome",
      "Version": "0.5.1",
      "Source": "Repository",
      "Repository": "CRAN",
      "Hash": "1e22b8cabbad1eae951a75e9f8b52378",
      "Requirements": [
        "htmltools",
        "rlang"
      ]
    },
    "fs": {
      "Package": "fs",
      "Version": "1.6.3",
      "Source": "Repository",
      "Repository": "CRAN",
      "Hash": "47b5f30c720c23999b913a1a635cf0bb",
      "Requirements": []
    },
    "furrr": {
      "Package": "furrr",
      "Version": "0.2.3",
      "Source": "Repository",
      "Repository": "CRAN",
      "Hash": "2aba4ab06e8707ac054c6683cb6fed56",
      "Requirements": [
        "ellipsis",
        "future",
        "globals",
        "lifecycle",
        "purrr",
        "rlang",
        "vctrs"
      ]
    },
    "future": {
      "Package": "future",
      "Version": "1.21.0",
      "Source": "Repository",
      "Repository": "CRAN",
      "Hash": "f25fad6bee82b7ab01f055e2d813b96f",
      "Requirements": [
        "digest",
        "globals",
        "listenv",
        "parallelly"
      ]
    },
    "future.apply": {
      "Package": "future.apply",
      "Version": "1.8.1",
      "Source": "Repository",
      "Repository": "CRAN",
      "Hash": "f568ce73d3d59582b0f7babd0eb33d07",
      "Requirements": [
        "future",
        "globals"
      ]
    },
    "generics": {
      "Package": "generics",
      "Version": "0.1.3",
      "Source": "Repository",
      "Repository": "CRAN",
      "Hash": "15e9634c0fcd294799e9b2e929ed1b86",
      "Requirements": []
    },
    "ggplot2": {
      "Package": "ggplot2",
      "Version": "3.4.2",
      "Source": "Repository",
      "Repository": "CRAN",
      "Hash": "3a147ee02e85a8941aad9909f1b43b7b",
      "Requirements": [
        "MASS",
        "cli",
        "glue",
        "gtable",
        "isoband",
        "lifecycle",
        "mgcv",
        "rlang",
        "scales",
        "tibble",
        "vctrs",
        "withr"
      ]
    },
    "globals": {
      "Package": "globals",
      "Version": "0.14.0",
      "Source": "Repository",
      "Repository": "CRAN",
      "Hash": "eca8023ed5ca6372479ebb9b3207f5ae",
      "Requirements": [
        "codetools"
      ]
    },
    "glue": {
      "Package": "glue",
      "Version": "1.6.2",
      "Source": "Repository",
      "Repository": "CRAN",
      "Hash": "4f2596dfb05dac67b9dc558e5c6fba2e",
      "Requirements": []
    },
    "gtable": {
      "Package": "gtable",
      "Version": "0.3.0",
      "Source": "Repository",
      "Repository": "CRAN",
      "Hash": "ac5c6baf7822ce8732b343f14c072c4d",
      "Requirements": []
    },
    "hardhat": {
      "Package": "hardhat",
      "Version": "1.3.0",
      "Source": "Repository",
      "Repository": "CRAN",
      "Hash": "b56b42c50bb7c76a683e8e61f415d828",
      "Requirements": [
        "cli",
        "glue",
        "rlang",
        "tibble",
        "vctrs"
      ]
    },
    "here": {
      "Package": "here",
      "Version": "1.0.1",
      "Source": "Repository",
      "Repository": "CRAN",
      "Hash": "24b224366f9c2e7534d2344d10d59211",
      "Requirements": [
        "rprojroot"
      ]
    },
    "highr": {
      "Package": "highr",
      "Version": "0.8",
      "Source": "Repository",
      "Repository": "CRAN",
      "Hash": "4dc5bb88961e347a0f4d8aad597cbfac",
      "Requirements": []
    },
    "hms": {
      "Package": "hms",
      "Version": "1.1.3",
      "Source": "Repository",
      "Repository": "CRAN",
      "Hash": "b59377caa7ed00fa41808342002138f9",
      "Requirements": [
        "lifecycle",
        "pkgconfig",
        "rlang",
        "vctrs"
      ]
    },
    "htmltools": {
      "Package": "htmltools",
      "Version": "0.5.6",
      "Source": "Repository",
      "Repository": "CRAN",
      "Hash": "a2326a66919a3311f7fbb1e3bf568283",
      "Requirements": [
        "base64enc",
        "digest",
        "ellipsis",
        "fastmap",
        "rlang"
      ]
    },
    "htmlwidgets": {
      "Package": "htmlwidgets",
      "Version": "1.6.2",
      "Source": "Repository",
      "Repository": "CRAN",
      "Hash": "a865aa85bcb2697f47505bfd70422471",
      "Requirements": [
        "htmltools",
        "jsonlite",
        "knitr",
        "rmarkdown",
        "yaml"
      ]
    },
    "httpuv": {
      "Package": "httpuv",
      "Version": "1.6.11",
      "Source": "Repository",
      "Repository": "CRAN",
      "Hash": "838602f54e32c1a0f8cc80708cefcefa",
      "Requirements": [
        "R6",
        "Rcpp",
        "later",
        "promises"
      ]
    },
    "httr": {
      "Package": "httr",
      "Version": "1.4.6",
      "Source": "Repository",
      "Repository": "CRAN",
      "Hash": "7e5e3cbd2a7bc07880c94e22348fb661",
      "Requirements": [
        "R6",
        "curl",
        "jsonlite",
        "mime",
        "openssl"
      ]
    },
    "isoband": {
      "Package": "isoband",
      "Version": "0.2.2",
      "Source": "Repository",
      "Repository": "CRAN",
      "Hash": "6e58bd3d6b3dd82a944cd6f05ade228f",
      "Requirements": [
        "testthat"
      ]
    },
    "jquerylib": {
      "Package": "jquerylib",
      "Version": "0.1.4",
      "Source": "Repository",
      "Repository": "CRAN",
      "Hash": "5aab57a3bd297eee1c1d862735972182",
      "Requirements": [
        "htmltools"
      ]
    },
    "jsonlite": {
      "Package": "jsonlite",
      "Version": "1.8.4",
      "Source": "Repository",
      "Repository": "CRAN",
      "Hash": "a4269a09a9b865579b2635c77e572374",
      "Requirements": []
    },
    "knitr": {
      "Package": "knitr",
      "Version": "1.42",
      "Source": "Repository",
      "Repository": "CRAN",
      "Hash": "8329a9bcc82943c8069104d4be3ee22d",
      "Requirements": [
        "evaluate",
        "highr",
        "xfun",
        "yaml"
      ]
    },
    "labeling": {
      "Package": "labeling",
      "Version": "0.3",
      "Source": "Repository",
      "Repository": "CRAN",
      "Hash": "73832978c1de350df58108c745ed0e3e",
      "Requirements": []
    },
    "later": {
      "Package": "later",
      "Version": "1.1.0.1",
      "Source": "Repository",
      "Repository": "CRAN",
      "Hash": "d0a62b247165aabf397fded504660d8a",
      "Requirements": [
        "BH",
        "Rcpp",
        "rlang"
      ]
    },
    "lattice": {
      "Package": "lattice",
      "Version": "0.20-45",
      "Source": "Repository",
      "Repository": "CRAN",
      "Hash": "b64cdbb2b340437c4ee047a1f4c4377b",
      "Requirements": []
    },
    "lazyeval": {
      "Package": "lazyeval",
      "Version": "0.2.2",
      "Source": "Repository",
      "Repository": "CRAN",
      "Hash": "d908914ae53b04d4c0c0fd72ecc35370",
      "Requirements": []
    },
    "lifecycle": {
      "Package": "lifecycle",
      "Version": "1.0.3",
      "Source": "Repository",
      "Repository": "CRAN",
      "Hash": "001cecbeac1cff9301bdc3775ee46a86",
      "Requirements": [
        "cli",
        "glue",
        "rlang"
      ]
    },
    "listenv": {
      "Package": "listenv",
      "Version": "0.8.0",
      "Source": "Repository",
      "Repository": "CRAN",
      "Hash": "0bde42ee282efb18c7c4e63822f5b4f7",
      "Requirements": []
    },
    "lme4": {
      "Package": "lme4",
      "Version": "1.1-33",
      "Source": "Repository",
      "Repository": "CRAN",
      "Hash": "2fa7b59feca0d767533fd0c8a7a2bf4b",
      "Requirements": [
        "MASS",
        "Matrix",
        "Rcpp",
        "RcppEigen",
        "boot",
        "lattice",
        "minqa",
        "nlme",
        "nloptr"
      ]
    },
    "lubridate": {
      "Package": "lubridate",
      "Version": "1.9.2",
      "Source": "Repository",
      "Repository": "CRAN",
      "Hash": "e25f18436e3efd42c7c590a1c4c15390",
      "Requirements": [
        "generics",
        "timechange"
      ]
    },
    "magrittr": {
      "Package": "magrittr",
      "Version": "2.0.3",
      "Source": "Repository",
      "Repository": "CRAN",
      "Hash": "7ce2733a9826b3aeb1775d56fd305472",
      "Requirements": []
    },
    "memoise": {
      "Package": "memoise",
      "Version": "2.0.1",
      "Source": "Repository",
      "Repository": "CRAN",
      "Hash": "e2817ccf4a065c5d9d7f2cfbe7c1d78c",
      "Requirements": [
        "cachem",
        "rlang"
      ]
    },
    "mgcv": {
      "Package": "mgcv",
      "Version": "1.8-42",
      "Source": "Repository",
      "Repository": "CRAN",
      "Hash": "3460beba7ccc8946249ba35327ba902a",
      "Requirements": [
        "Matrix",
        "nlme"
      ]
    },
    "mime": {
      "Package": "mime",
      "Version": "0.9",
      "Source": "Repository",
      "Repository": "CRAN",
      "Hash": "e87a35ec73b157552814869f45a63aa3",
      "Requirements": []
    },
    "minqa": {
      "Package": "minqa",
      "Version": "1.2.5",
      "Source": "Repository",
      "Repository": "CRAN",
      "Hash": "587ce77fd3c7bada7eadb2d18b62930d",
      "Requirements": [
        "Rcpp"
      ]
    },
    "munsell": {
      "Package": "munsell",
      "Version": "0.5.0",
      "Source": "Repository",
      "Repository": "CRAN",
      "Hash": "6dfe8bf774944bd5595785e3229d8771",
      "Requirements": [
        "colorspace"
      ]
    },
    "nlme": {
      "Package": "nlme",
      "Version": "3.1-162",
      "Source": "Repository",
      "Repository": "CRAN",
      "Hash": "0984ce8da8da9ead8643c5cbbb60f83e",
      "Requirements": [
        "lattice"
      ]
    },
    "nloptr": {
      "Package": "nloptr",
      "Version": "1.2.2.2",
      "Source": "Repository",
      "Repository": "CRAN",
      "Hash": "2737faeee353704efec5afa1e943dd64",
      "Requirements": []
    },
    "numDeriv": {
      "Package": "numDeriv",
      "Version": "2016.8-1.1",
      "Source": "Repository",
      "Repository": "CRAN",
      "Hash": "df58958f293b166e4ab885ebcad90e02",
      "Requirements": []
    },
    "openssl": {
      "Package": "openssl",
      "Version": "1.4.2",
      "Source": "Repository",
      "Repository": "CRAN",
      "Hash": "b3209c62052922b6c629544d94c8fa8a",
      "Requirements": [
        "askpass"
      ]
    },
    "parallelly": {
      "Package": "parallelly",
      "Version": "1.27.0",
      "Source": "Repository",
      "Repository": "CRAN",
      "Hash": "e38aabb0dde91e5622b83747b559bfc2",
      "Requirements": []
    },
    "pillar": {
      "Package": "pillar",
      "Version": "1.9.0",
      "Source": "Repository",
      "Repository": "CRAN",
      "Hash": "15da5a8412f317beeee6175fbc76f4bb",
      "Requirements": [
        "cli",
        "fansi",
        "glue",
        "lifecycle",
        "rlang",
        "utf8",
        "vctrs"
      ]
    },
    "pkgconfig": {
      "Package": "pkgconfig",
      "Version": "2.0.3",
      "Source": "Repository",
      "Repository": "CRAN",
      "Hash": "01f28d4278f15c76cddbea05899c5d6f",
      "Requirements": []
    },
    "pkgload": {
      "Package": "pkgload",
      "Version": "1.2.1",
      "Source": "Repository",
      "Repository": "CRAN",
      "Hash": "463642747f81879e6752485aefb831cf",
      "Requirements": [
        "cli",
        "crayon",
        "desc",
        "rlang",
        "rprojroot",
        "rstudioapi",
        "withr"
      ]
    },
    "plotly": {
      "Package": "plotly",
      "Version": "4.10.0",
      "Source": "Repository",
      "Repository": "CRAN",
      "Hash": "fbb11e44d057996ca5fe40d959cacfb0",
      "Requirements": [
        "RColorBrewer",
        "base64enc",
        "crosstalk",
        "data.table",
        "digest",
        "dplyr",
        "ggplot2",
        "htmltools",
        "htmlwidgets",
        "httr",
        "jsonlite",
        "lazyeval",
        "magrittr",
        "promises",
        "purrr",
        "rlang",
        "scales",
        "tibble",
        "tidyr",
        "vctrs",
        "viridisLite"
      ]
    },
    "praise": {
      "Package": "praise",
      "Version": "1.0.0",
      "Source": "Repository",
      "Repository": "CRAN",
      "Hash": "a555924add98c99d2f411e37e7d25e9f",
      "Requirements": []
    },
    "prettyunits": {
      "Package": "prettyunits",
      "Version": "1.1.1",
      "Source": "Repository",
      "Repository": "CRAN",
      "Hash": "95ef9167b75dde9d2ccc3c7528393e7e",
      "Requirements": []
    },
    "processx": {
      "Package": "processx",
      "Version": "3.8.1",
      "Source": "Repository",
      "Repository": "CRAN",
      "Hash": "d75b4059d781336efba24021915902b4",
      "Requirements": [
        "R6",
        "ps"
      ]
    },
    "progress": {
      "Package": "progress",
      "Version": "1.2.2",
      "Source": "Repository",
      "Repository": "CRAN",
      "Hash": "14dc9f7a3c91ebb14ec5bb9208a07061",
      "Requirements": [
        "R6",
        "crayon",
        "hms",
        "prettyunits"
      ]
    },
    "progressr": {
      "Package": "progressr",
      "Version": "0.7.0",
      "Source": "Repository",
      "Repository": "CRAN",
      "Hash": "679b0700adc3be59606d703ccbdab1a8",
      "Requirements": [
        "digest"
      ]
    },
    "promises": {
      "Package": "promises",
      "Version": "1.1.1",
      "Source": "Repository",
      "Repository": "CRAN",
      "Hash": "a8730dcbdd19f9047774909f0ec214a4",
      "Requirements": [
        "R6",
        "Rcpp",
        "later",
        "magrittr",
        "rlang"
      ]
    },
    "proxy": {
      "Package": "proxy",
      "Version": "0.4-26",
      "Source": "Repository",
      "Repository": "CRAN",
      "Hash": "50b405c6419e921b9e9360cc9ebbcf2d",
      "Requirements": []
    },
    "ps": {
      "Package": "ps",
      "Version": "1.6.0",
      "Source": "Repository",
      "Repository": "CRAN",
      "Hash": "32620e2001c1dce1af49c49dccbb9420",
      "Requirements": []
    },
    "purrr": {
      "Package": "purrr",
      "Version": "1.0.1",
      "Source": "Repository",
      "Repository": "CRAN",
      "Hash": "d71c815267c640f17ddbf7f16144b4bb",
      "Requirements": [
        "cli",
        "lifecycle",
        "magrittr",
        "rlang",
        "vctrs"
      ]
    },
    "rappdirs": {
      "Package": "rappdirs",
      "Version": "0.3.3",
      "Source": "Repository",
      "Repository": "CRAN",
      "Hash": "5e3c5dc0b071b21fa128676560dbe94d",
      "Requirements": []
    },
    "readr": {
      "Package": "readr",
      "Version": "2.1.4",
      "Source": "Repository",
      "Repository": "CRAN",
      "Hash": "b5047343b3825f37ad9d3b5d89aa1078",
      "Requirements": [
        "R6",
        "cli",
        "clipr",
        "cpp11",
        "crayon",
        "hms",
        "lifecycle",
        "rlang",
        "tibble",
        "tzdb",
        "vroom"
      ]
    },
    "rematch2": {
      "Package": "rematch2",
      "Version": "2.1.2",
      "Source": "Repository",
      "Repository": "CRAN",
      "Hash": "76c9e04c712a05848ae7a23d2f170a40",
      "Requirements": [
        "tibble"
      ]
    },
    "rlang": {
      "Package": "rlang",
      "Version": "1.1.1",
      "Source": "Repository",
      "Repository": "CRAN",
      "Hash": "a85c767b55f0bf9b7ad16c6d7baee5bb",
      "Requirements": []
    },
    "rmarkdown": {
      "Package": "rmarkdown",
      "Version": "2.21",
      "Source": "Repository",
      "Repository": "CRAN",
      "Hash": "493df4ae51e2e984952ea4d5c75786a3",
      "Requirements": [
        "bslib",
        "evaluate",
        "fontawesome",
        "htmltools",
        "jquerylib",
        "jsonlite",
        "knitr",
        "stringr",
        "tinytex",
        "xfun",
        "yaml"
      ]
    },
    "rprojroot": {
      "Package": "rprojroot",
      "Version": "2.0.2",
      "Source": "Repository",
      "Repository": "CRAN",
      "Hash": "249d8cd1e74a8f6a26194a91b47f21d1",
      "Requirements": []
    },
    "rsample": {
      "Package": "rsample",
      "Version": "1.1.0",
      "Source": "Repository",
      "Repository": "CRAN",
      "Hash": "a795abe9bf46591be70b75b5a64fa736",
      "Requirements": [
        "dplyr",
        "ellipsis",
        "furrr",
        "generics",
        "glue",
        "pillar",
        "purrr",
        "rlang",
        "slider",
        "tibble",
        "tidyr",
        "tidyselect",
        "vctrs"
      ]
    },
    "rstudioapi": {
      "Package": "rstudioapi",
      "Version": "0.14",
      "Source": "Repository",
      "Repository": "CRAN",
      "Hash": "690bd2acc42a9166ce34845884459320",
      "Requirements": []
    },
    "sass": {
      "Package": "sass",
      "Version": "0.4.7",
      "Source": "Repository",
      "Repository": "CRAN",
      "Hash": "6bd4d33b50ff927191ec9acbf52fd056",
      "Requirements": [
        "R6",
        "fs",
        "htmltools",
        "rappdirs",
        "rlang"
      ]
    },
    "scales": {
      "Package": "scales",
      "Version": "1.2.1",
      "Source": "Repository",
      "Repository": "CRAN",
      "Hash": "906cb23d2f1c5680b8ce439b44c6fa63",
      "Requirements": [
        "R6",
        "RColorBrewer",
        "farver",
        "labeling",
        "lifecycle",
        "munsell",
        "rlang",
        "viridisLite"
      ]
    },
    "shiny": {
      "Package": "shiny",
      "Version": "1.7.1",
      "Source": "Repository",
      "Repository": "CRAN",
      "Hash": "00344c227c7bd0ab5d78052c5d736c44",
      "Requirements": [
        "R6",
        "bslib",
        "cachem",
        "commonmark",
        "crayon",
        "ellipsis",
        "fastmap",
        "fontawesome",
        "glue",
        "htmltools",
        "httpuv",
        "jsonlite",
        "later",
        "lifecycle",
        "mime",
        "promises",
        "rlang",
        "sourcetools",
        "withr",
        "xtable"
      ]
    },
    "shinyWidgets": {
      "Package": "shinyWidgets",
      "Version": "0.6.0",
      "Source": "Repository",
      "Repository": "CRAN",
      "Hash": "7dd5f3ee96c64a47fdbc6e437ff1c7e1",
      "Requirements": [
        "bslib",
        "htmltools",
        "jsonlite",
        "sass",
        "shiny"
      ]
    },
    "slider": {
      "Package": "slider",
      "Version": "0.2.1",
      "Source": "Repository",
      "Repository": "CRAN",
      "Hash": "b0ebb1571b12e9bc4e4423c7f627b1f4",
      "Requirements": [
        "ellipsis",
        "glue",
        "rlang",
        "vctrs",
        "warp"
      ]
    },
    "sourcetools": {
      "Package": "sourcetools",
      "Version": "0.1.7",
      "Source": "Repository",
      "Repository": "CRAN",
      "Hash": "947e4e02a79effa5d512473e10f41797",
      "Requirements": []
    },
    "stringi": {
      "Package": "stringi",
      "Version": "1.7.12",
      "Source": "Repository",
      "Repository": "CRAN",
      "Hash": "ca8bd84263c77310739d2cf64d84d7c9",
      "Requirements": []
    },
    "stringr": {
      "Package": "stringr",
      "Version": "1.5.0",
      "Source": "Repository",
      "Repository": "CRAN",
      "Hash": "671a4d384ae9d32fc47a14e98bfa3dc8",
      "Requirements": [
        "cli",
        "glue",
        "lifecycle",
        "magrittr",
        "rlang",
        "stringi",
        "vctrs"
      ]
    },
    "survival": {
      "Package": "survival",
      "Version": "3.5-3",
      "Source": "Repository",
      "Repository": "CRAN",
      "Hash": "aea2b8787db7088ba50ba389848569ee",
      "Requirements": [
        "Matrix"
      ]
    },
    "sys": {
      "Package": "sys",
      "Version": "3.3",
      "Source": "Repository",
      "Repository": "CRAN",
      "Hash": "507f3116a38d37ad330a038b3be07b66",
      "Requirements": []
    },
    "testthat": {
      "Package": "testthat",
      "Version": "3.1.6",
      "Source": "Repository",
      "Repository": "CRAN",
      "Hash": "7910146255835c66e9eb272fb215248d",
      "Requirements": [
        "R6",
        "brio",
        "callr",
        "cli",
        "desc",
        "digest",
        "ellipsis",
        "evaluate",
        "jsonlite",
        "lifecycle",
        "magrittr",
        "pkgload",
        "praise",
        "processx",
        "ps",
        "rlang",
        "waldo",
        "withr"
      ]
    },
    "tibble": {
      "Package": "tibble",
      "Version": "3.2.1",
      "Source": "Repository",
      "Repository": "CRAN",
      "Hash": "a84e2cc86d07289b3b6f5069df7a004c",
      "Requirements": [
        "fansi",
        "lifecycle",
        "magrittr",
        "pillar",
        "pkgconfig",
        "rlang",
        "vctrs"
      ]
    },
    "tidyr": {
      "Package": "tidyr",
      "Version": "1.3.0",
      "Source": "Repository",
      "Repository": "CRAN",
      "Hash": "e47debdc7ce599b070c8e78e8ac0cfcf",
      "Requirements": [
        "cli",
        "cpp11",
        "dplyr",
        "glue",
        "lifecycle",
        "magrittr",
        "purrr",
        "rlang",
        "stringr",
        "tibble",
        "tidyselect",
        "vctrs"
      ]
    },
    "tidyselect": {
      "Package": "tidyselect",
      "Version": "1.2.0",
      "Source": "Repository",
      "Repository": "CRAN",
      "Hash": "79540e5fcd9e0435af547d885f184fd5",
      "Requirements": [
        "cli",
        "glue",
        "lifecycle",
        "rlang",
        "vctrs",
        "withr"
      ]
    },
    "timechange": {
      "Package": "timechange",
      "Version": "0.2.0",
      "Source": "Repository",
      "Repository": "CRAN",
      "Hash": "8548b44f79a35ba1791308b61e6012d7",
      "Requirements": [
        "cpp11"
      ]
    },
    "tinytex": {
      "Package": "tinytex",
      "Version": "0.45",
      "Source": "Repository",
      "Repository": "CRAN",
      "Hash": "e4e357f28c2edff493936b6cb30c3d65",
      "Requirements": [
        "xfun"
      ]
    },
    "trendeval": {
      "Package": "trendeval",
      "Version": "0.1.0",
      "Source": "Repository",
      "Repository": "CRAN",
      "Hash": "ef1065167760fd85b6928397f40d8ee6",
      "Requirements": [
        "rsample",
        "tibble",
        "trending",
        "yardstick"
      ]
    },
    "trending": {
      "Package": "trending",
      "Version": "0.1.0",
      "Source": "Repository",
      "Repository": "CRAN",
      "Hash": "9559633c7beb1c8a9323785818af3d2a",
      "Requirements": [
        "MASS",
        "ciTools",
        "pillar",
        "tibble",
        "vctrs"
      ]
    },
    "tsibble": {
      "Package": "tsibble",
      "Version": "1.1.3",
      "Source": "Repository",
      "Repository": "CRAN",
      "Hash": "a9d10100310663a7583cf7e16a990e6f",
      "Requirements": [
        "anytime",
        "dplyr",
        "ellipsis",
        "generics",
        "lifecycle",
        "lubridate",
        "rlang",
        "tibble",
        "tidyselect",
        "vctrs"
      ]
    },
    "tzdb": {
      "Package": "tzdb",
      "Version": "0.3.0",
      "Source": "Repository",
      "Repository": "CRAN",
      "Hash": "b2e1cbce7c903eaf23ec05c58e59fb5e",
      "Requirements": [
        "cpp11"
      ]
    },
    "urca": {
      "Package": "urca",
      "Version": "1.3-3",
      "Source": "Repository",
      "Repository": "CRAN",
      "Hash": "efec213571f99114c63562e4c076ac25",
      "Requirements": [
        "nlme"
      ]
    },
    "utf8": {
      "Package": "utf8",
      "Version": "1.1.4",
      "Source": "Repository",
      "Repository": "CRAN",
      "Hash": "4a5081acfb7b81a572e4384a7aaf2af1",
      "Requirements": []
    },
    "vctrs": {
      "Package": "vctrs",
      "Version": "0.6.2",
      "Source": "Repository",
      "Repository": "CRAN",
      "Hash": "a745bda7aff4734c17294bb41d4e4607",
      "Requirements": [
        "cli",
        "glue",
        "lifecycle",
        "rlang"
      ]
    },
    "viridisLite": {
      "Package": "viridisLite",
      "Version": "0.4.0",
      "Source": "Repository",
      "Repository": "CRAN",
      "Hash": "55e157e2aa88161bdb0754218470d204",
      "Requirements": []
    },
    "vroom": {
      "Package": "vroom",
      "Version": "1.6.3",
      "Source": "Repository",
      "Repository": "CRAN",
      "Hash": "8318e64ffb3a70e652494017ec455561",
      "Requirements": [
        "bit64",
        "cli",
        "cpp11",
        "crayon",
        "glue",
        "hms",
        "lifecycle",
        "progress",
        "rlang",
        "tibble",
        "tidyselect",
        "tzdb",
        "vctrs",
        "withr"
      ]
    },
    "waiter": {
      "Package": "waiter",
      "Version": "0.2.5",
      "Source": "Repository",
      "Repository": "CRAN",
      "Hash": "93e6b6c8ae3f81d4be77a0dc74e5cf5e",
      "Requirements": [
        "R6",
        "htmltools",
        "shiny"
      ]
    },
    "waldo": {
      "Package": "waldo",
      "Version": "0.4.0",
      "Source": "Repository",
      "Repository": "CRAN",
      "Hash": "035fba89d0c86e2113120f93301b98ad",
      "Requirements": [
        "cli",
        "diffobj",
        "fansi",
        "glue",
        "rematch2",
        "rlang",
        "tibble"
      ]
    },
    "warp": {
      "Package": "warp",
      "Version": "0.2.0",
      "Source": "Repository",
      "Repository": "CRAN",
      "Hash": "2982481615756e24e79fee95bdc95daa",
      "Requirements": []
    },
    "withr": {
      "Package": "withr",
      "Version": "2.5.0",
      "Source": "Repository",
      "Repository": "CRAN",
      "Hash": "c0e49a9760983e81e55cdd9be92e7182",
      "Requirements": []
    },
    "xfun": {
      "Package": "xfun",
      "Version": "0.39",
      "Source": "Repository",
      "Repository": "CRAN",
      "Hash": "8f56e9acb54fb525e66464d57ab58bcb",
      "Requirements": []
    },
    "xtable": {
      "Package": "xtable",
      "Version": "1.8-4",
      "Source": "Repository",
      "Repository": "CRAN",
      "Hash": "b8acdf8af494d9ec19ccb2481a9b11c2",
      "Requirements": []
    },
    "yaml": {
      "Package": "yaml",
      "Version": "2.2.1",
      "Source": "Repository",
      "Repository": "CRAN",
      "Hash": "2826c5d9efb0a88f657c7a679c7106db",
      "Requirements": []
    },
    "yardstick": {
      "Package": "yardstick",
      "Version": "1.2.0",
      "Source": "Repository",
      "Repository": "CRAN",
      "Hash": "935418860629e50d2a2c495ea0a05221",
      "Requirements": [
        "cli",
        "dplyr",
        "generics",
        "hardhat",
        "lifecycle",
        "rlang",
        "tibble",
        "tidyselect",
        "vctrs"
      ]
    },
    "zeallot": {
      "Package": "zeallot",
      "Version": "0.1.0",
      "Source": "Repository",
      "Repository": "CRAN",
      "Hash": "ee9b643aa8331c45d8d82eb3a137c9bc",
      "Requirements": []
    }
  }
}
